{
    "_meta": {
        "hash": {
            "sha256": "897d52fc4ec54aecccb6f8fde7cbbd11074db893e106443515c82d3350e3613e"
        },
        "pipfile-spec": 6,
        "requires": {
            "python_version": "3.6"
        },
        "sources": [
            {
                "name": "aliyun",
                "url": "https://mirrors.aliyun.com/pypi/simple",
                "verify_ssl": true
            },
            {
                "name": "17bdc",
                "url": "https://pypi.17bdc.com/simple",
                "verify_ssl": true
            },
            {
                "name": "pypi",
                "url": "https://pypi.org/simple",
                "verify_ssl": true
            }
        ]
    },
    "default": {
        "arrow": {
            "hashes": [
                "sha256:a558d3b7b6ce7ffc74206a86c147052de23d3d4ef0e17c210dd478c53575c4cd"
            ],
            "version": "==0.12.1"
        },
        "binaryornot": {
            "hashes": [
                "sha256:359501dfc9d40632edc9fac890e19542db1a287bbcfa58175b66658392018061",
                "sha256:b8b71173c917bddcd2c16070412e369c3ed7f0528926f70cac18a6c97fd563e4"
            ],
            "version": "==0.4.4"
        },
        "certifi": {
            "hashes": [
                "sha256:376690d6f16d32f9d1fe8932551d80b23e9d393a8578c5633a2ed39a64861638",
                "sha256:456048c7e371c089d0a77a5212fb37a2c2dce1e24146e3b7e0261736aaeaa22a"
            ],
            "version": "==2018.8.24"
        },
        "chardet": {
            "hashes": [
                "sha256:84ab92ed1c4d4f16916e05906b6b75a6c0fb5db821cc65e70cbd64a3e2a5eaae",
                "sha256:fc323ffcaeaed0e0a02bf4d117757b98aed530d9ed4531e3e15460124c106691"
            ],
            "version": "==3.0.4"
        },
        "click": {
            "hashes": [
                "sha256:2335065e6395b9e67ca716de5f7526736bfa6ceead690adf616d925bdc622b13",
                "sha256:5b94b49521f6456670fdb30cd82a4eca9412788a93fa6dd6df72c94d5a8ff2d7"
            ],
            "markers": "python_version != '3.3.*' and python_version != '3.1.*' and python_version != '3.0.*' and python_version >= '2.7' and python_version != '3.2.*'",
            "version": "==7.0"
        },
        "cookiecutter": {
            "hashes": [
                "sha256:1316a52e1c1f08db0c9efbf7d876dbc01463a74b155a0d83e722be88beda9a3e",
                "sha256:ed8f54a8fc79b6864020d773ce11539b5f08e4617f353de1f22d23226f6a0d36"
            ],
            "index": "aliyun",
            "version": "==1.6.0"
        },
        "future": {
            "hashes": [
                "sha256:e39ced1ab767b5936646cedba8bcce582398233d6a627067d4c6a454c90cfedb"
            ],
            "version": "==0.16.0"
        },
        "idna": {
            "hashes": [
                "sha256:156a6814fb5ac1fc6850fb002e0852d56c0c8d2531923a51032d1b70760e186e",
                "sha256:684a38a6f903c1d71d6d5fac066b58d7768af4de2b832e426ec79c30daa94a16"
            ],
            "version": "==2.7"
        },
        "jinja2": {
            "hashes": [
                "sha256:74c935a1b8bb9a3947c50a54766a969d4846290e1e788ea44c1392163723c3bd",
                "sha256:f84be1bb0040caca4cea721fcbbbbd61f9be9464ca236387158b0feea01914a4"
            ],
            "version": "==2.10"
        },
        "jinja2-time": {
            "hashes": [
                "sha256:d14eaa4d315e7688daa4969f616f226614350c48730bfa1692d2caebd8c90d40",
                "sha256:d3eab6605e3ec8b7a0863df09cc1d23714908fa61aa6986a845c20ba488b4efa"
            ],
            "version": "==0.2.0"
        },
        "markupsafe": {
            "hashes": [
                "sha256:a6be69091dac236ea9c6bc7d012beab42010fa914c459791d627dad4910eb665"
            ],
            "version": "==1.0"
        },
        "poyo": {
            "hashes": [
                "sha256:c34a5413191210ed564640510e9c4a4ba3b698746d6b454d46eb5bfb30edcd1d",
                "sha256:d1c317054145a6b1ca0608b5e676b943ddc3bfd671f886a2fe09288b98221edb"
            ],
            "version": "==0.4.2"
        },
        "python-dateutil": {
            "hashes": [
                "sha256:1adb80e7a782c12e52ef9a8182bebeb73f1d7e24e374397af06fb4956c8dc5c0",
                "sha256:e27001de32f627c22380a688bcc43ce83504a7bc5da472209b4c70f02829f0b8"
            ],
            "version": "==2.7.3"
        },
        "requests": {
            "hashes": [
                "sha256:63b52e3c866428a224f97cab011de738c36aec0185aa91cfacd418b5d58911d1",
                "sha256:ec22d826a36ed72a7358ff3fe56cbd4ba69dd7a6718ffd450ff0e9df7a47ce6a"
            ],
            "version": "==2.19.1"
        },
        "six": {
            "hashes": [
                "sha256:70e8a77beed4562e7f14fe23a786b54f6296e34344c23bc42f07b15018ff98e9",
                "sha256:832dc0e10feb1aa2c68dcc57dbb658f1c7e65b9b61af69048abc87a2db00a0eb"
            ],
            "version": "==1.11.0"
        },
        "urllib3": {
            "hashes": [
                "sha256:a68ac5e15e76e7e5dd2b8f94007233e01effe3e50e8daddf69acfd81cb686baf",
                "sha256:b5725a0bd4ba422ab0e66e89e030c806576753ea3ee08554382c14e685d117b5"
            ],
            "markers": "python_version != '3.3.*' and python_version != '3.1.*' and python_version < '4' and python_version >= '2.6' and python_version != '3.0.*' and python_version != '3.2.*'",
            "version": "==1.23"
        },
        "whichcraft": {
            "hashes": [
                "sha256:7533870f751901a0ce43c93cc9850186e9eba7fe58c924dfb435968ba9c9fa4e",
                "sha256:fecddd531f237ffc5db8b215409afb18fa30300699064cca4817521b4fc81815"
            ],
            "version": "==0.5.2"
        }
    },
    "develop": {
        "appdirs": {
            "hashes": [
                "sha256:9e5896d1372858f8dd3344faf4e5014d21849c756c8d5701f78f8a103b372d92",
                "sha256:d8b24664561d0d34ddfaec54636d502d7cea6e29c3eaf68f3df6180863e2166e"
            ],
            "version": "==1.4.3"
        },
        "arrow": {
            "hashes": [
                "sha256:a558d3b7b6ce7ffc74206a86c147052de23d3d4ef0e17c210dd478c53575c4cd"
            ],
            "version": "==0.12.1"
        },
        "aspy.refactor-imports": {
            "hashes": [
                "sha256:3539b4854b82566892c99fcfeaeceeaf90d08901877c492fa0318e747f3f7079",
                "sha256:f18fbc9e493afe3f7330beb1fed35c24c63190b228d8367cc06aca38351f5420"
            ],
            "version": "==0.5.3"
        },
        "aspy.yaml": {
            "hashes": [
                "sha256:04d26279513618f1024e1aba46471db870b3b33aef204c2d09bcf93bea9ba13f",
                "sha256:0a77e23fafe7b242068ffc0252cee130d3e509040908fc678d9d1060e7494baa"
            ],
            "version": "==1.1.1"
        },
        "atomicwrites": {
            "hashes": [
                "sha256:0312ad34fcad8fac3704d441f7b317e50af620823353ec657a53e981f92920c0",
                "sha256:ec9ae8adaae229e4f8446952d204a3e4b5fdd2d099f9be3aaf556120135fb3ee"
            ],
            "markers": "python_version != '3.3.*' and python_version != '3.0.*' and python_version != '3.2.*' and python_version != '3.1.*' and python_version >= '2.7'",
            "version": "==1.2.1"
        },
        "attrs": {
            "hashes": [
                "sha256:10cbf6e27dbce8c30807caf056c8eb50917e0eaafe86347671b57254006c3e69",
                "sha256:ca4be454458f9dec299268d472aaa5a11f67a4ff70093396e1ceae9c76cf4bbb"
            ],
            "version": "==18.2.0"
        },
        "binaryornot": {
            "hashes": [
                "sha256:359501dfc9d40632edc9fac890e19542db1a287bbcfa58175b66658392018061",
                "sha256:b8b71173c917bddcd2c16070412e369c3ed7f0528926f70cac18a6c97fd563e4"
            ],
            "version": "==0.4.4"
        },
        "black": {
            "hashes": [
                "sha256:817243426042db1d36617910df579a54f1afd659adb96fc5032fcf4b36209739",
                "sha256:e030a9a28f542debc08acceb273f228ac422798e5215ba2a791a6ddeaaca22a5"
            ],
            "index": "aliyun",
            "version": "==18.9b0"
        },
        "cached-property": {
            "hashes": [
                "sha256:3a026f1a54135677e7da5ce819b0c690f156f37976f3e30c5430740725203d7f",
                "sha256:9217a59f14a5682da7c4b8829deadbfc194ac22e9908ccf7c8820234e80a1504"
            ],
            "version": "==1.5.1"
        },
        "certifi": {
            "hashes": [
                "sha256:376690d6f16d32f9d1fe8932551d80b23e9d393a8578c5633a2ed39a64861638",
                "sha256:456048c7e371c089d0a77a5212fb37a2c2dce1e24146e3b7e0261736aaeaa22a"
            ],
            "version": "==2018.8.24"
        },
        "cfgv": {
            "hashes": [
                "sha256:73f48a752bd7aab103c4b882d6596c6360b7aa63b34073dd2c35c7b4b8f93010",
                "sha256:d1791caa9ff5c0c7bce80e7ecc1921752a2eb7c2463a08ed9b6c96b85a2f75aa"
            ],
            "version": "==1.1.0"
        },
        "chardet": {
            "hashes": [
                "sha256:84ab92ed1c4d4f16916e05906b6b75a6c0fb5db821cc65e70cbd64a3e2a5eaae",
                "sha256:fc323ffcaeaed0e0a02bf4d117757b98aed530d9ed4531e3e15460124c106691"
            ],
            "version": "==3.0.4"
        },
        "click": {
            "hashes": [
                "sha256:2335065e6395b9e67ca716de5f7526736bfa6ceead690adf616d925bdc622b13",
                "sha256:5b94b49521f6456670fdb30cd82a4eca9412788a93fa6dd6df72c94d5a8ff2d7"
            ],
            "markers": "python_version != '3.3.*' and python_version != '3.1.*' and python_version != '3.0.*' and python_version >= '2.7' and python_version != '3.2.*'",
            "version": "==7.0"
        },
        "cookiecutter": {
            "hashes": [
                "sha256:1316a52e1c1f08db0c9efbf7d876dbc01463a74b155a0d83e722be88beda9a3e",
                "sha256:ed8f54a8fc79b6864020d773ce11539b5f08e4617f353de1f22d23226f6a0d36"
            ],
            "index": "aliyun",
            "version": "==1.6.0"
        },
        "coverage": {
            "hashes": [
                "sha256:043d55226aec1d2baf4b2fcab5c204561ccf184a388096f41e396c1c092aff38",
                "sha256:10bfd0b80b01d0684f968abbe1186bc19962e07b4b7601bb43b175b617cf689d",
                "sha256:17e59864f19b3233032edb0566f26c25cc7f599503fb34d2645b5ce1fd6c2c3c",
                "sha256:2105ee183c51fed27e2b6801029b3903f5c2774c78e3f53bd920ca468d0f5679",
                "sha256:236505d15af6c7b7bfe2a9485db4b2bdea21d9239351483326184314418c79a8",
                "sha256:237284425271db4f30d458b355decf388ab20b05278bdf8dc9a65de0973726c6",
                "sha256:26d8eea4c840b73c61a1081d68bceb57b21a2d4f7afda6cac8ac38cb05226b00",
                "sha256:39a3740f7721155f4269aedf67b211101c07bd2111b334dfd69b807156ab15d9",
                "sha256:4bd0c42db8efc8a60965769796d43a5570906a870bc819f7388860aa72779d1b",
                "sha256:4dcddadea47ac30b696956bd18365cd3a86724821656601151e263b86d34798f",
                "sha256:51ea341289ac4456db946a25bd644f5635e5ae3793df262813cde875887d25c8",
                "sha256:5415cafb082dad78935b3045c2e5d8907f436d15ad24c3fdb8e1839e084e4961",
                "sha256:5631f1983074b33c35dbb84607f337b9d7e9808116d7f0f2cb7b9d6d4381d50e",
                "sha256:5e9249bc361cd22565fd98590a53fd25a3dd666b74791ed7237fa99de938bbed",
                "sha256:6a48746154f1331f28ef9e889c625b5b15a36cb86dd8021b4bdd1180a2186aa5",
                "sha256:71d376dbac64855ed693bc1ca121794570fe603e8783cdfa304ec6825d4e768f",
                "sha256:749ebd8a615337747592bd1523dfc4af7199b2bf6403b55f96c728668aeff91f",
                "sha256:8ec528b585b95234e9c0c31dcd0a89152d8ed82b4567aa62dbcb3e9a0600deee",
                "sha256:a1a9ccd879811437ca0307c914f136d6edb85bd0470e6d4966c6397927bcabd9",
                "sha256:abd956c334752776230b779537d911a5a12fcb69d8fd3fe332ae63a140301ae6",
                "sha256:ad18f836017f2e8881145795f483636564807aaed54223459915a0d4735300cf",
                "sha256:b07ac0b1533298ddbc54c9bf3464664895f22899fec027b8d6c8d3ac59023283",
                "sha256:d9385f1445e30e8e42b75a36a7899ea1fd0f5784233a626625d70f9b087de404",
                "sha256:db2d1fcd32dbeeb914b2660af1838e9c178b75173f95fd221b1f9410b5d3ef1d",
                "sha256:e1dec211147f1fd7cb7a0f9a96aeeca467a5af02d38911307b3b8c2324f9917e",
                "sha256:e96dffc1fa57bb8c1c238f3d989341a97302492d09cb11f77df031112621c35c",
                "sha256:ed4d97eb0ecdee29d0748acd84e6380729f78ce5ba0c7fe3401801634c25a1c5"
            ],
            "markers": "python_version != '3.3.*' and python_version != '3.0.*' and python_version != '3.2.*' and python_version != '3.1.*' and python_version < '4' and python_version >= '2.7'",
            "version": "==5.0a3"
        },
        "flake8": {
            "hashes": [
                "sha256:7253265f7abd8b313e3892944044a365e3f4ac3fcdcfb4298f55ee9ddf188ba0",
                "sha256:c7841163e2b576d435799169b78703ad6ac1bbb0f199994fc05f700b2a90ea37"
            ],
            "index": "aliyun",
            "version": "==3.5.0"
        },
        "flake8-bugbear": {
            "hashes": [
                "sha256:07b6e769d7f4e168d590f7088eae40f6ddd9fa4952bed31602def65842682c83",
                "sha256:0ccf56975f4db1d69dc1cf3598c99d768ebf95d0cad27d76087954aa399b515a"
            ],
            "index": "aliyun",
            "version": "==18.8.0"
        },
        "flake8-mypy": {
            "hashes": [
                "sha256:47120db63aff631ee1f84bac6fe8e64731dc66da3efc1c51f85e15ade4a3ba18",
                "sha256:cff009f4250e8391bf48990093cff85802778c345c8449d6498b62efefeebcbc"
            ],
            "index": "aliyun",
            "version": "==17.8.0"
        },
        "future": {
            "hashes": [
                "sha256:e39ced1ab767b5936646cedba8bcce582398233d6a627067d4c6a454c90cfedb"
            ],
            "version": "==0.16.0"
        },
        "identify": {
            "hashes": [
                "sha256:5e956558a9a1e3b3891d7c6609fc9709657a11878af288ace484d1a46a93922b",
                "sha256:623086059219cc7b86c77a3891f3700cb175d4ce02b8fb8802b047301d71e783"
            ],
            "version": "==1.1.7"
        },
        "idna": {
            "hashes": [
                "sha256:156a6814fb5ac1fc6850fb002e0852d56c0c8d2531923a51032d1b70760e186e",
                "sha256:684a38a6f903c1d71d6d5fac066b58d7768af4de2b832e426ec79c30daa94a16"
            ],
            "version": "==2.7"
        },
        "isort": {
            "hashes": [
                "sha256:1153601da39a25b14ddc54955dbbacbb6b2d19135386699e2ad58517953b34af",
                "sha256:b9c40e9750f3d77e6e4d441d8b0266cf555e7cdabdcff33c4fd06366ca761ef8",
                "sha256:ec9ef8f4a9bc6f71eec99e1806bfa2de401650d996c59330782b89a5555c1497"
            ],
            "index": "aliyun",
            "markers": null,
            "version": "==4.3.4"
        },
        "jinja2": {
            "hashes": [
                "sha256:74c935a1b8bb9a3947c50a54766a969d4846290e1e788ea44c1392163723c3bd",
                "sha256:f84be1bb0040caca4cea721fcbbbbd61f9be9464ca236387158b0feea01914a4"
            ],
            "version": "==2.10"
        },
        "jinja2-time": {
            "hashes": [
                "sha256:d14eaa4d315e7688daa4969f616f226614350c48730bfa1692d2caebd8c90d40",
                "sha256:d3eab6605e3ec8b7a0863df09cc1d23714908fa61aa6986a845c20ba488b4efa"
            ],
            "version": "==0.2.0"
        },
        "markupsafe": {
            "hashes": [
                "sha256:a6be69091dac236ea9c6bc7d012beab42010fa914c459791d627dad4910eb665"
            ],
            "version": "==1.0"
        },
        "mccabe": {
            "hashes": [
                "sha256:ab8a6258860da4b6677da4bd2fe5dc2c659cff31b3ee4f7f5d64e79735b80d42",
                "sha256:dd8d182285a0fe56bace7f45b5e7d1a6ebcbf524e8f3bd87eb0f125271b8831f"
            ],
            "version": "==0.6.1"
        },
        "more-itertools": {
            "hashes": [
                "sha256:c187a73da93e7a8acc0001572aebc7e3c69daf7bf6881a2cea10650bd4420092",
                "sha256:c476b5d3a34e12d40130bc2f935028b5f636df8f372dc2c1c01dc19681b2039e",
                "sha256:fcbfeaea0be121980e15bc97b3817b5202ca73d0eae185b4550cbfce2a3ebb3d"
            ],
            "version": "==4.3.0"
        },
        "mypy": {
            "hashes": [
                "sha256:00b95bfdc0d5b9aa53c906e56fb91937743f2121d66684db5f947ec5d75f565d",
                "sha256:6704586b4c2bf7dfa5e87a422be9ca57db622bab65008245759f3d4baeb219dd"
            ],
            "index": "aliyun",
            "version": "==0.630"
        },
        "mypy-extensions": {
            "hashes": [
                "sha256:37e0e956f41369209a3d5f34580150bcacfabaa57b33a15c0b25f4b5725e0812",
                "sha256:b16cabe759f55e3409a7d231ebd2841378fb0c27a5d1994719e340e4f429ac3e"
            ],
            "version": "==0.4.1"
        },
        "nodeenv": {
            "hashes": [
                "sha256:aa040ab5189bae17d272175609010be6c5b589ec4b8dbd832cc50c9e9cb7496f"
            ],
            "version": "==1.3.2"
        },
        "pluggy": {
            "hashes": [
                "sha256:6e3836e39f4d36ae72840833db137f7b7d35105079aee6ec4a62d9f80d594dd1",
                "sha256:95eb8364a4708392bae89035f45341871286a333f749c3141c20573d2b3876e1"
            ],
            "markers": "python_version != '3.3.*' and python_version != '3.0.*' and python_version != '3.2.*' and python_version != '3.1.*' and python_version >= '2.7'",
            "version": "==0.7.1"
        },
        "poyo": {
            "hashes": [
                "sha256:c34a5413191210ed564640510e9c4a4ba3b698746d6b454d46eb5bfb30edcd1d",
                "sha256:d1c317054145a6b1ca0608b5e676b943ddc3bfd671f886a2fe09288b98221edb"
            ],
            "version": "==0.4.2"
        },
        "pre-commit": {
            "hashes": [
                "sha256:98ec318db1f255e3d5089ae416959ef3c775215a3509620027d446eeabbba740",
                "sha256:b68f9219c56b50ebafb57f378c5325f9876d06fb29e9cd05daf5cbd6676ce8f2"
            ],
            "index": "aliyun",
            "version": "==1.11.2"
        },
        "py": {
            "hashes": [
                "sha256:06a30435d058473046be836d3fc4f27167fd84c45b99704f2fb5509ef61f9af1",
                "sha256:50402e9d1c9005d759426988a492e0edaadb7f4e68bcddfea586bc7432d009c6"
            ],
            "markers": "python_version != '3.3.*' and python_version != '3.0.*' and python_version != '3.2.*' and python_version != '3.1.*' and python_version >= '2.7'",
            "version": "==1.6.0"
        },
        "pycodestyle": {
            "hashes": [
                "sha256:682256a5b318149ca0d2a9185d365d8864a768a28db66a84a2ea946bcc426766",
                "sha256:6c4245ade1edfad79c3446fadfc96b0de2759662dc29d07d80a6f27ad1ca6ba9"
            ],
            "version": "==2.3.1"
        },
        "pyflakes": {
            "hashes": [
                "sha256:08bd6a50edf8cffa9fa09a463063c425ecaaf10d1eb0335a7e8b1401aef89e6f",
                "sha256:8d616a382f243dbf19b54743f280b80198be0bca3a5396f1d2e1fca6223e8805"
            ],
            "version": "==1.6.0"
        },
        "pytest": {
            "hashes": [
                "sha256:7e258ee50338f4e46957f9e09a0f10fb1c2d05493fa901d113a8dafd0790de4e",
                "sha256:9332147e9af2dcf46cd7ceb14d5acadb6564744ddff1fe8c17f0ce60ece7d9a2"
            ],
            "index": "aliyun",
            "version": "==3.8.2"
        },
        "pytest-cookies": {
            "hashes": [
                "sha256:7054b5abd87704c3769b46deb65c332fadba80905d4103b0b1e0b4fe8a9a852a",
                "sha256:a6f37393b697eb3357625a5c226888d9dd020cca3d112b38c630467ce9ff7844"
            ],
            "index": "aliyun",
            "version": "==0.3.0"
        },
        "pytest-cov": {
            "hashes": [
                "sha256:513c425e931a0344944f84ea47f3956be0e416d95acbd897a44970c8d926d5d7",
                "sha256:e360f048b7dae3f2f2a9a4d067b2dd6b6a015d384d1577c994a43f3f7cbad762"
            ],
            "index": "aliyun",
            "version": "==2.6.0"
        },
        "python-dateutil": {
            "hashes": [
                "sha256:1adb80e7a782c12e52ef9a8182bebeb73f1d7e24e374397af06fb4956c8dc5c0",
                "sha256:e27001de32f627c22380a688bcc43ce83504a7bc5da472209b4c70f02829f0b8"
            ],
            "version": "==2.7.3"
        },
        "pyyaml": {
            "hashes": [
                "sha256:254bf6fda2b7c651837acb2c718e213df29d531eebf00edb54743d10bcb694eb",
                "sha256:3108529b78577327d15eec243f0ff348a0640b0c3478d67ad7f5648f93bac3e2",
                "sha256:3c17fb92c8ba2f525e4b5f7941d850e7a48c3a59b32d331e2502a3cdc6648e76",
                "sha256:8d6d96001aa7f0a6a4a95e8143225b5d06e41b1131044913fecb8f85a125714b",
                "sha256:c8a88edd93ee29ede719080b2be6cb2333dfee1dccba213b422a9c8e97f2967b"
            ],
            "version": "==4.2b4"
        },
        "requests": {
            "hashes": [
                "sha256:63b52e3c866428a224f97cab011de738c36aec0185aa91cfacd418b5d58911d1",
                "sha256:ec22d826a36ed72a7358ff3fe56cbd4ba69dd7a6718ffd450ff0e9df7a47ce6a"
            ],
            "version": "==2.19.1"
        },
        "seed-isort-config": {
            "hashes": [
                "sha256:962024ccffee7f1449a0456b148735330c5e8490ebb077d25f9f6843894f8669",
                "sha256:d6217159125d6aa58271f69f55c80ecd236f9db9b3d9cae42ebe2af7b8ace1f1"
            ],
            "index": "aliyun",
            "version": "==1.2.0"
        },
        "six": {
            "hashes": [
                "sha256:70e8a77beed4562e7f14fe23a786b54f6296e34344c23bc42f07b15018ff98e9",
                "sha256:832dc0e10feb1aa2c68dcc57dbb658f1c7e65b9b61af69048abc87a2db00a0eb"
            ],
            "version": "==1.11.0"
        },
        "toml": {
            "hashes": [
                "sha256:229f81c57791a41d65e399fc06bf0848bab550a9dfd5ed66df18ce5f05e73d5c",
                "sha256:235682dd292d5899d361a811df37e04a8828a5b1da3115886b73cf81ebc9100e"
            ],
            "version": "==0.10.0"
        },
        "typed-ast": {
            "hashes": [
                "sha256:0948004fa228ae071054f5208840a1e88747a357ec1101c17217bfe99b299d58",
                "sha256:10703d3cec8dcd9eef5a630a04056bbc898abc19bac5691612acba7d1325b66d",
                "sha256:1f6c4bd0bdc0f14246fd41262df7dfc018d65bb05f6e16390b7ea26ca454a291",
                "sha256:25d8feefe27eb0303b73545416b13d108c6067b846b543738a25ff304824ed9a",
                "sha256:29464a177d56e4e055b5f7b629935af7f49c196be47528cc94e0a7bf83fbc2b9",
                "sha256:2e214b72168ea0275efd6c884b114ab42e316de3ffa125b267e732ed2abda892",
                "sha256:3e0d5e48e3a23e9a4d1a9f698e32a542a4a288c871d33ed8df1b092a40f3a0f9",
                "sha256:4c4b17a84d8aa26961e6629a689a20c118ec441f2fe9fa0451a3dacbc7fcd548",
                "sha256:519425deca5c2b2bdac49f77b2c5625781abbaf9a809d727d3a5596b30bb4ded",
                "sha256:57fe287f0cdd9ceaf69e7b71a2e94a24b5d268b35df251a88fef5cc241bf73aa",
                "sha256:668d0cec391d9aed1c6a388b0d5b97cd22e6073eaa5fbaa6d2946603b4871efe",
                "sha256:68ba70684990f59497680ff90d18e756a47bf4863c604098f10de9716b2c0bdd",
                "sha256:6de012d2b166fe7a4cdf505eee3aaa12192f7ba365beeefaca4ec10e31241a85",
                "sha256:79b91ebe5a28d349b6d0d323023350133e927b4de5b651a8aa2db69c761420c6",
                "sha256:8550177fa5d4c1f09b5e5f524411c44633c80ec69b24e0e98906dd761941ca46",
                "sha256:898f818399cafcdb93cbbe15fc83a33d05f18e29fb498ddc09b0214cdfc7cd51",
                "sha256:94b091dc0f19291adcb279a108f5d38de2430411068b219f41b343c03b28fb1f",
                "sha256:a26863198902cda15ab4503991e8cf1ca874219e0118cbf07c126bce7c4db129",
                "sha256:a8034021801bc0440f2e027c354b4eafd95891b573e12ff0418dec385c76785c",
                "sha256:bc978ac17468fe868ee589c795d06777f75496b1ed576d308002c8a5756fb9ea",
                "sha256:c05b41bc1deade9f90ddc5d988fe506208019ebba9f2578c622516fd201f5863",
                "sha256:c9b060bd1e5a26ab6e8267fd46fc9e02b54eb15fffb16d112d4c7b1c12987559",
                "sha256:edb04bdd45bfd76c8292c4d9654568efaedf76fe78eb246dde69bdb13b2dad87",
                "sha256:f19f2a4f547505fe9072e15f6f4ae714af51b5a681a97f187971f50c283193b6"
            ],
            "version": "==1.1.0"
        },
        "urllib3": {
            "hashes": [
                "sha256:a68ac5e15e76e7e5dd2b8f94007233e01effe3e50e8daddf69acfd81cb686baf",
                "sha256:b5725a0bd4ba422ab0e66e89e030c806576753ea3ee08554382c14e685d117b5"
            ],
            "markers": "python_version != '3.3.*' and python_version != '3.1.*' and python_version < '4' and python_version >= '2.6' and python_version != '3.0.*' and python_version != '3.2.*'",
            "version": "==1.23"
        },
        "virtualenv": {
            "hashes": [
                "sha256:2ce32cd126117ce2c539f0134eb89de91a8413a29baac49cbab3eb50e2026669",
                "sha256:ca07b4c0b54e14a91af9f34d0919790b016923d157afda5efdde55c96718f752"
            ],
            "markers": "python_version >= '2.7' and python_version != '3.0.*' and python_version != '3.2.*' and python_version != '3.1.*'",
            "version": "==16.0.0"
        },
        "whichcraft": {
            "hashes": [
                "sha256:7533870f751901a0ce43c93cc9850186e9eba7fe58c924dfb435968ba9c9fa4e",
                "sha256:fecddd531f237ffc5db8b215409afb18fa30300699064cca4817521b4fc81815"
            ],
            "version": "==0.5.2"
        }
    }
}
